// !$*UTF8*$!
{
	archiveVersion = 1;
	classes = {
	};
	objectVersion = 56;
	objects = {

/* Begin PBXBuildFile section */
		A93E171A2CF1E73B007114C7 /* FormAttributesSection.swift in Sources */ = {isa = PBXBuildFile; fileRef = A93E17192CF1E73B007114C7 /* FormAttributesSection.swift */; };
		A93E17202CF1F05C007114C7 /* DetailWiseMiracleSection.swift in Sources */ = {isa = PBXBuildFile; fileRef = A93E171F2CF1F05C007114C7 /* DetailWiseMiracleSection.swift */; };
		A93E17222CF1F068007114C7 /* FormWiseMiracleSection.swift in Sources */ = {isa = PBXBuildFile; fileRef = A93E17212CF1F068007114C7 /* FormWiseMiracleSection.swift */; };
		A93E17242CF1FA29007114C7 /* DetailBraveQuirksSection.swift in Sources */ = {isa = PBXBuildFile; fileRef = A93E17232CF1FA29007114C7 /* DetailBraveQuirksSection.swift */; };
		A93E17262CF1FA31007114C7 /* FormBraveQuirksSection.swift in Sources */ = {isa = PBXBuildFile; fileRef = A93E17252CF1FA31007114C7 /* FormBraveQuirksSection.swift */; };
		A93E172C2CF2027C007114C7 /* DetailCleverKnacksSection.swift in Sources */ = {isa = PBXBuildFile; fileRef = A93E172B2CF2027C007114C7 /* DetailCleverKnacksSection.swift */; };
		A93E172E2CF20285007114C7 /* FormCleverKnacksSection.swift in Sources */ = {isa = PBXBuildFile; fileRef = A93E172D2CF20285007114C7 /* FormCleverKnacksSection.swift */; };
		A93E17302CF20A88007114C7 /* DetailFortunateSection.swift in Sources */ = {isa = PBXBuildFile; fileRef = A93E172F2CF20A88007114C7 /* DetailFortunateSection.swift */; };
		A93E17322CF20A99007114C7 /* FormFortunateSection.swift in Sources */ = {isa = PBXBuildFile; fileRef = A93E17312CF20A99007114C7 /* FormFortunateSection.swift */; };
		A944E7E62CF8111E00870790 /* ArmorData.swift in Sources */ = {isa = PBXBuildFile; fileRef = A944E7E52CF8111E00870790 /* ArmorData.swift */; };
		A959EC792CF1A99E0051DCEC /* PhosphorSwift in Frameworks */ = {isa = PBXBuildFile; productRef = A959EC782CF1A99E0051DCEC /* PhosphorSwift */; };
		A9807D0C2CF416210082D624 /* CharacterExportView.swift in Sources */ = {isa = PBXBuildFile; fileRef = A9807D092CF416210082D624 /* CharacterExportView.swift */; };
		A9807D0D2CF416210082D624 /* CharacterImportView.swift in Sources */ = {isa = PBXBuildFile; fileRef = A9807D0B2CF416210082D624 /* CharacterImportView.swift */; };
		A98488E42CF14F6700A7CD7B /* AdvancementTables.swift in Sources */ = {isa = PBXBuildFile; fileRef = A98488E32CF14F6700A7CD7B /* AdvancementTables.swift */; };
		A98488E62CF157E500A7CD7B /* ProgressBar.swift in Sources */ = {isa = PBXBuildFile; fileRef = A98488E52CF157E500A7CD7B /* ProgressBar.swift */; };
		A98489102CF1671F00A7CD7B /* FormBasicInfoSection.swift in Sources */ = {isa = PBXBuildFile; fileRef = A98489082CF1671D00A7CD7B /* FormBasicInfoSection.swift */; };
		A98489112CF1671F00A7CD7B /* FormEncumbranceSection.swift in Sources */ = {isa = PBXBuildFile; fileRef = A98489092CF1671D00A7CD7B /* FormEncumbranceSection.swift */; };
		A98489122CF1671F00A7CD7B /* FormLanguagesSection.swift in Sources */ = {isa = PBXBuildFile; fileRef = A984890A2CF1671E00A7CD7B /* FormLanguagesSection.swift */; };
		A98489132CF1671F00A7CD7B /* FormCharacterGroupsSection.swift in Sources */ = {isa = PBXBuildFile; fileRef = A984890B2CF1671E00A7CD7B /* FormCharacterGroupsSection.swift */; };
		A98489142CF1671F00A7CD7B /* FormNotesSection.swift in Sources */ = {isa = PBXBuildFile; fileRef = A984890C2CF1671E00A7CD7B /* FormNotesSection.swift */; };
		A98489152CF1671F00A7CD7B /* FormOtherInformationSection.swift in Sources */ = {isa = PBXBuildFile; fileRef = A984890D2CF1671E00A7CD7B /* FormOtherInformationSection.swift */; };
		A98489162CF1671F00A7CD7B /* FormEquipmentSection.swift in Sources */ = {isa = PBXBuildFile; fileRef = A984890E2CF1671E00A7CD7B /* FormEquipmentSection.swift */; };
		A98489172CF1671F00A7CD7B /* FormCombatStatsSection.swift in Sources */ = {isa = PBXBuildFile; fileRef = A984890F2CF1671E00A7CD7B /* FormCombatStatsSection.swift */; };
		A98489212CF1673000A7CD7B /* DetailNotesSection.swift in Sources */ = {isa = PBXBuildFile; fileRef = A98489182CF1672E00A7CD7B /* DetailNotesSection.swift */; };
		A98489222CF1673000A7CD7B /* DetailEquipmentSection.swift in Sources */ = {isa = PBXBuildFile; fileRef = A98489192CF1672E00A7CD7B /* DetailEquipmentSection.swift */; };
		A98489232CF1673000A7CD7B /* DetailProgressSection.swift in Sources */ = {isa = PBXBuildFile; fileRef = A984891A2CF1672E00A7CD7B /* DetailProgressSection.swift */; };
		A98489242CF1673000A7CD7B /* DetailGroupsSection.swift in Sources */ = {isa = PBXBuildFile; fileRef = A984891B2CF1672E00A7CD7B /* DetailGroupsSection.swift */; };
		A98489252CF1673000A7CD7B /* DetailLanguagesSection.swift in Sources */ = {isa = PBXBuildFile; fileRef = A984891C2CF1672F00A7CD7B /* DetailLanguagesSection.swift */; };
		A98489262CF1673000A7CD7B /* DetailCombatSection.swift in Sources */ = {isa = PBXBuildFile; fileRef = A984891D2CF1672F00A7CD7B /* DetailCombatSection.swift */; };
		A98489272CF1673000A7CD7B /* DetailAdditionalInfoSection.swift in Sources */ = {isa = PBXBuildFile; fileRef = A984891E2CF1672F00A7CD7B /* DetailAdditionalInfoSection.swift */; };
		A98489282CF1673000A7CD7B /* DetailHeaderSection.swift in Sources */ = {isa = PBXBuildFile; fileRef = A984891F2CF1672F00A7CD7B /* DetailHeaderSection.swift */; };
		A98489292CF1673000A7CD7B /* DetailStatsSection.swift in Sources */ = {isa = PBXBuildFile; fileRef = A98489202CF1672F00A7CD7B /* DetailStatsSection.swift */; };
		A984892F2CF174F200A7CD7B /* FormAffiliationGroupsView.swift in Sources */ = {isa = PBXBuildFile; fileRef = A984892B2CF174F200A7CD7B /* FormAffiliationGroupsView.swift */; };
		A98489302CF174F200A7CD7B /* FormVocationGroupView.swift in Sources */ = {isa = PBXBuildFile; fileRef = A984892C2CF174F200A7CD7B /* FormVocationGroupView.swift */; };
		A98489312CF174F200A7CD7B /* FormAttributeGroupPairsView.swift in Sources */ = {isa = PBXBuildFile; fileRef = A984892D2CF174F200A7CD7B /* FormAttributeGroupPairsView.swift */; };
		A98489322CF174F200A7CD7B /* FormSpeciesGroupView.swift in Sources */ = {isa = PBXBuildFile; fileRef = A984892E2CF174F200A7CD7B /* FormSpeciesGroupView.swift */; };
		A988F7592CF4E1C800D879BA /* FormWeaponsSection.swift in Sources */ = {isa = PBXBuildFile; fileRef = A988F7572CF4E1C800D879BA /* FormWeaponsSection.swift */; };
		A988F75A2CF4E1C800D879BA /* FormArmorSection.swift in Sources */ = {isa = PBXBuildFile; fileRef = A988F7582CF4E1C800D879BA /* FormArmorSection.swift */; };
		A988F75D2CF4E1D500D879BA /* DetailArmorSection.swift in Sources */ = {isa = PBXBuildFile; fileRef = A988F75B2CF4E1D500D879BA /* DetailArmorSection.swift */; };
		A988F75E2CF4E1D500D879BA /* DetailWeaponsSection.swift in Sources */ = {isa = PBXBuildFile; fileRef = A988F75C2CF4E1D500D879BA /* DetailWeaponsSection.swift */; };
		A99CAAB82CE85A7B004163DA /* AttributeEditor.swift in Sources */ = {isa = PBXBuildFile; fileRef = A99CAAB72CE85A7B004163DA /* AttributeEditor.swift */; };
		A99E17292CF18BE500B69E26 /* FormDeftAttunementSection.swift in Sources */ = {isa = PBXBuildFile; fileRef = A99E17282CF18BE500B69E26 /* FormDeftAttunementSection.swift */; };
		A99E172B2CF1982D00B69E26 /* DetailDeftAttunementSection.swift in Sources */ = {isa = PBXBuildFile; fileRef = A99E172A2CF1982D00B69E26 /* DetailDeftAttunementSection.swift */; };
		A99E172D2CF19A6600B69E26 /* FormStrongCombatSection.swift in Sources */ = {isa = PBXBuildFile; fileRef = A99E172C2CF19A6600B69E26 /* FormStrongCombatSection.swift */; };
		A99E172F2CF19A8600B69E26 /* DetailStrongCombatSection.swift in Sources */ = {isa = PBXBuildFile; fileRef = A99E172E2CF19A8600B69E26 /* DetailStrongCombatSection.swift */; };
		A9A5FEE32CF2AF7500747C93 /* PhosphorSwift in Frameworks */ = {isa = PBXBuildFile; productRef = A9A5FEE22CF2AF7500747C93 /* PhosphorSwift */; };
		A9B446792CF5CBDC00FD50E5 /* WeaponData.swift in Sources */ = {isa = PBXBuildFile; fileRef = A9B446782CF5CBDC00FD50E5 /* WeaponData.swift */; };
		A9B5F7B62CF92E070009F05E /* GearData.swift in Sources */ = {isa = PBXBuildFile; fileRef = A9B5F7B52CF92E070009F05E /* GearData.swift */; };
		A9B679C42CE8791E000ACE9E /* PhosphorSwift in Frameworks */ = {isa = PBXBuildFile; productRef = A9B679C32CE8791E000ACE9E /* PhosphorSwift */; };
		A9ED71212CF9A2F800E8E409 /* DetailGoldSection.swift in Sources */ = {isa = PBXBuildFile; fileRef = A9ED71202CF9A2F700E8E409 /* DetailGoldSection.swift */; };
		A9ED71232CF9A30400E8E409 /* FormGoldSection.swift in Sources */ = {isa = PBXBuildFile; fileRef = A9ED71222CF9A30300E8E409 /* FormGoldSection.swift */; };
		A9ED71252CF9A56600E8E409 /* DetailEncumbranceSection.swift in Sources */ = {isa = PBXBuildFile; fileRef = A9ED71242CF9A56600E8E409 /* DetailEncumbranceSection.swift */; };
		A9F072902CE75166005033F2 /* Whitehack_ToolsApp.swift in Sources */ = {isa = PBXBuildFile; fileRef = A9F0728F2CE75166005033F2 /* Whitehack_ToolsApp.swift */; };
		A9F072942CE75169005033F2 /* Assets.xcassets in Resources */ = {isa = PBXBuildFile; fileRef = A9F072932CE75169005033F2 /* Assets.xcassets */; };
		A9F072982CE75169005033F2 /* Preview Assets.xcassets in Resources */ = {isa = PBXBuildFile; fileRef = A9F072972CE75169005033F2 /* Preview Assets.xcassets */; };
		A9F072AF2CE7597B005033F2 /* CharacterListView.swift in Sources */ = {isa = PBXBuildFile; fileRef = A9F072AE2CE7597B005033F2 /* CharacterListView.swift */; };
		A9F072B12CE75990005033F2 /* CharacterStore.swift in Sources */ = {isa = PBXBuildFile; fileRef = A9F072B02CE75990005033F2 /* CharacterStore.swift */; };
		A9F072B52CE75A06005033F2 /* PlayerCharacter.swift in Sources */ = {isa = PBXBuildFile; fileRef = A9F072B42CE75A06005033F2 /* PlayerCharacter.swift */; };
		A9F072B72CE75ABE005033F2 /* WhitehackTypes.swift in Sources */ = {isa = PBXBuildFile; fileRef = A9F072B62CE75ABE005033F2 /* WhitehackTypes.swift */; };
		A9F072B92CE75AE4005033F2 /* CharacterDetailView.swift in Sources */ = {isa = PBXBuildFile; fileRef = A9F072B82CE75AE4005033F2 /* CharacterDetailView.swift */; };
		A9F072BB2CE75AFC005033F2 /* CharacterFormView.swift in Sources */ = {isa = PBXBuildFile; fileRef = A9F072BA2CE75AFC005033F2 /* CharacterFormView.swift */; };
		A9F072BD2CE76DEA005033F2 /* AttributeGroupPair.swift in Sources */ = {isa = PBXBuildFile; fileRef = A9F072BC2CE76DEA005033F2 /* AttributeGroupPair.swift */; };
		BEA6C48E2D15521A000768BE /* NumericTextField.swift in Sources */ = {isa = PBXBuildFile; fileRef = BEA6C48D2D15521A000768BE /* NumericTextField.swift */; };
/* End PBXBuildFile section */

/* Begin PBXFileReference section */
		A93594AE2CFB46EB00FDB292 /* Whitehack-Tools-Info.plist */ = {isa = PBXFileReference; lastKnownFileType = text.plist; path = "Whitehack-Tools-Info.plist"; sourceTree = SOURCE_ROOT; };
		A93E17192CF1E73B007114C7 /* FormAttributesSection.swift */ = {isa = PBXFileReference; fileEncoding = 4; lastKnownFileType = sourcecode.swift; path = FormAttributesSection.swift; sourceTree = "<group>"; };
		A93E171F2CF1F05C007114C7 /* DetailWiseMiracleSection.swift */ = {isa = PBXFileReference; fileEncoding = 4; lastKnownFileType = sourcecode.swift; path = DetailWiseMiracleSection.swift; sourceTree = "<group>"; };
		A93E17212CF1F068007114C7 /* FormWiseMiracleSection.swift */ = {isa = PBXFileReference; fileEncoding = 4; lastKnownFileType = sourcecode.swift; path = FormWiseMiracleSection.swift; sourceTree = "<group>"; };
		A93E17232CF1FA29007114C7 /* DetailBraveQuirksSection.swift */ = {isa = PBXFileReference; fileEncoding = 4; lastKnownFileType = sourcecode.swift; path = DetailBraveQuirksSection.swift; sourceTree = "<group>"; };
		A93E17252CF1FA31007114C7 /* FormBraveQuirksSection.swift */ = {isa = PBXFileReference; fileEncoding = 4; lastKnownFileType = sourcecode.swift; path = FormBraveQuirksSection.swift; sourceTree = "<group>"; };
		A93E172B2CF2027C007114C7 /* DetailCleverKnacksSection.swift */ = {isa = PBXFileReference; fileEncoding = 4; lastKnownFileType = sourcecode.swift; path = DetailCleverKnacksSection.swift; sourceTree = "<group>"; };
		A93E172D2CF20285007114C7 /* FormCleverKnacksSection.swift */ = {isa = PBXFileReference; fileEncoding = 4; lastKnownFileType = sourcecode.swift; path = FormCleverKnacksSection.swift; sourceTree = "<group>"; };
		A93E172F2CF20A88007114C7 /* DetailFortunateSection.swift */ = {isa = PBXFileReference; fileEncoding = 4; lastKnownFileType = sourcecode.swift; path = DetailFortunateSection.swift; sourceTree = "<group>"; };
		A93E17312CF20A99007114C7 /* FormFortunateSection.swift */ = {isa = PBXFileReference; fileEncoding = 4; lastKnownFileType = sourcecode.swift; path = FormFortunateSection.swift; sourceTree = "<group>"; };
		A944E7E52CF8111E00870790 /* ArmorData.swift */ = {isa = PBXFileReference; fileEncoding = 4; lastKnownFileType = sourcecode.swift; path = ArmorData.swift; sourceTree = "<group>"; };
		A9807D092CF416210082D624 /* CharacterExportView.swift */ = {isa = PBXFileReference; fileEncoding = 4; lastKnownFileType = sourcecode.swift; path = CharacterExportView.swift; sourceTree = "<group>"; };
		A9807D0B2CF416210082D624 /* CharacterImportView.swift */ = {isa = PBXFileReference; fileEncoding = 4; lastKnownFileType = sourcecode.swift; path = CharacterImportView.swift; sourceTree = "<group>"; };
		A98488E32CF14F6700A7CD7B /* AdvancementTables.swift */ = {isa = PBXFileReference; lastKnownFileType = sourcecode.swift; path = AdvancementTables.swift; sourceTree = "<group>"; };
		A98488E52CF157E500A7CD7B /* ProgressBar.swift */ = {isa = PBXFileReference; fileEncoding = 4; lastKnownFileType = sourcecode.swift; path = ProgressBar.swift; sourceTree = "<group>"; };
		A98489082CF1671D00A7CD7B /* FormBasicInfoSection.swift */ = {isa = PBXFileReference; fileEncoding = 4; lastKnownFileType = sourcecode.swift; path = FormBasicInfoSection.swift; sourceTree = "<group>"; };
		A98489092CF1671D00A7CD7B /* FormEncumbranceSection.swift */ = {isa = PBXFileReference; fileEncoding = 4; lastKnownFileType = sourcecode.swift; path = FormEncumbranceSection.swift; sourceTree = "<group>"; };
		A984890A2CF1671E00A7CD7B /* FormLanguagesSection.swift */ = {isa = PBXFileReference; fileEncoding = 4; lastKnownFileType = sourcecode.swift; path = FormLanguagesSection.swift; sourceTree = "<group>"; };
		A984890B2CF1671E00A7CD7B /* FormCharacterGroupsSection.swift */ = {isa = PBXFileReference; fileEncoding = 4; lastKnownFileType = sourcecode.swift; path = FormCharacterGroupsSection.swift; sourceTree = "<group>"; };
		A984890C2CF1671E00A7CD7B /* FormNotesSection.swift */ = {isa = PBXFileReference; fileEncoding = 4; lastKnownFileType = sourcecode.swift; path = FormNotesSection.swift; sourceTree = "<group>"; };
		A984890D2CF1671E00A7CD7B /* FormOtherInformationSection.swift */ = {isa = PBXFileReference; fileEncoding = 4; lastKnownFileType = sourcecode.swift; path = FormOtherInformationSection.swift; sourceTree = "<group>"; };
		A984890E2CF1671E00A7CD7B /* FormEquipmentSection.swift */ = {isa = PBXFileReference; fileEncoding = 4; lastKnownFileType = sourcecode.swift; path = FormEquipmentSection.swift; sourceTree = "<group>"; };
		A984890F2CF1671E00A7CD7B /* FormCombatStatsSection.swift */ = {isa = PBXFileReference; fileEncoding = 4; lastKnownFileType = sourcecode.swift; path = FormCombatStatsSection.swift; sourceTree = "<group>"; };
		A98489182CF1672E00A7CD7B /* DetailNotesSection.swift */ = {isa = PBXFileReference; fileEncoding = 4; lastKnownFileType = sourcecode.swift; path = DetailNotesSection.swift; sourceTree = "<group>"; };
		A98489192CF1672E00A7CD7B /* DetailEquipmentSection.swift */ = {isa = PBXFileReference; fileEncoding = 4; lastKnownFileType = sourcecode.swift; path = DetailEquipmentSection.swift; sourceTree = "<group>"; };
		A984891A2CF1672E00A7CD7B /* DetailProgressSection.swift */ = {isa = PBXFileReference; fileEncoding = 4; lastKnownFileType = sourcecode.swift; path = DetailProgressSection.swift; sourceTree = "<group>"; };
		A984891B2CF1672E00A7CD7B /* DetailGroupsSection.swift */ = {isa = PBXFileReference; fileEncoding = 4; lastKnownFileType = sourcecode.swift; path = DetailGroupsSection.swift; sourceTree = "<group>"; };
		A984891C2CF1672F00A7CD7B /* DetailLanguagesSection.swift */ = {isa = PBXFileReference; fileEncoding = 4; lastKnownFileType = sourcecode.swift; path = DetailLanguagesSection.swift; sourceTree = "<group>"; };
		A984891D2CF1672F00A7CD7B /* DetailCombatSection.swift */ = {isa = PBXFileReference; fileEncoding = 4; lastKnownFileType = sourcecode.swift; path = DetailCombatSection.swift; sourceTree = "<group>"; };
		A984891E2CF1672F00A7CD7B /* DetailAdditionalInfoSection.swift */ = {isa = PBXFileReference; fileEncoding = 4; lastKnownFileType = sourcecode.swift; path = DetailAdditionalInfoSection.swift; sourceTree = "<group>"; };
		A984891F2CF1672F00A7CD7B /* DetailHeaderSection.swift */ = {isa = PBXFileReference; fileEncoding = 4; lastKnownFileType = sourcecode.swift; path = DetailHeaderSection.swift; sourceTree = "<group>"; };
		A98489202CF1672F00A7CD7B /* DetailStatsSection.swift */ = {isa = PBXFileReference; fileEncoding = 4; lastKnownFileType = sourcecode.swift; path = DetailStatsSection.swift; sourceTree = "<group>"; };
		A984892B2CF174F200A7CD7B /* FormAffiliationGroupsView.swift */ = {isa = PBXFileReference; fileEncoding = 4; lastKnownFileType = sourcecode.swift; path = FormAffiliationGroupsView.swift; sourceTree = "<group>"; };
		A984892C2CF174F200A7CD7B /* FormVocationGroupView.swift */ = {isa = PBXFileReference; fileEncoding = 4; lastKnownFileType = sourcecode.swift; path = FormVocationGroupView.swift; sourceTree = "<group>"; };
		A984892D2CF174F200A7CD7B /* FormAttributeGroupPairsView.swift */ = {isa = PBXFileReference; fileEncoding = 4; lastKnownFileType = sourcecode.swift; path = FormAttributeGroupPairsView.swift; sourceTree = "<group>"; };
		A984892E2CF174F200A7CD7B /* FormSpeciesGroupView.swift */ = {isa = PBXFileReference; fileEncoding = 4; lastKnownFileType = sourcecode.swift; path = FormSpeciesGroupView.swift; sourceTree = "<group>"; };
		A988F7572CF4E1C800D879BA /* FormWeaponsSection.swift */ = {isa = PBXFileReference; fileEncoding = 4; lastKnownFileType = sourcecode.swift; path = FormWeaponsSection.swift; sourceTree = "<group>"; };
		A988F7582CF4E1C800D879BA /* FormArmorSection.swift */ = {isa = PBXFileReference; fileEncoding = 4; lastKnownFileType = sourcecode.swift; path = FormArmorSection.swift; sourceTree = "<group>"; };
		A988F75B2CF4E1D500D879BA /* DetailArmorSection.swift */ = {isa = PBXFileReference; fileEncoding = 4; lastKnownFileType = sourcecode.swift; path = DetailArmorSection.swift; sourceTree = "<group>"; };
		A988F75C2CF4E1D500D879BA /* DetailWeaponsSection.swift */ = {isa = PBXFileReference; fileEncoding = 4; lastKnownFileType = sourcecode.swift; path = DetailWeaponsSection.swift; sourceTree = "<group>"; };
		A99CAAB72CE85A7B004163DA /* AttributeEditor.swift */ = {isa = PBXFileReference; lastKnownFileType = sourcecode.swift; path = AttributeEditor.swift; sourceTree = "<group>"; };
		A99E17282CF18BE500B69E26 /* FormDeftAttunementSection.swift */ = {isa = PBXFileReference; fileEncoding = 4; lastKnownFileType = sourcecode.swift; path = FormDeftAttunementSection.swift; sourceTree = "<group>"; };
		A99E172A2CF1982D00B69E26 /* DetailDeftAttunementSection.swift */ = {isa = PBXFileReference; fileEncoding = 4; lastKnownFileType = sourcecode.swift; path = DetailDeftAttunementSection.swift; sourceTree = "<group>"; };
		A99E172C2CF19A6600B69E26 /* FormStrongCombatSection.swift */ = {isa = PBXFileReference; fileEncoding = 4; lastKnownFileType = sourcecode.swift; path = FormStrongCombatSection.swift; sourceTree = "<group>"; };
		A99E172E2CF19A8600B69E26 /* DetailStrongCombatSection.swift */ = {isa = PBXFileReference; fileEncoding = 4; lastKnownFileType = sourcecode.swift; path = DetailStrongCombatSection.swift; sourceTree = "<group>"; };
		A9B446782CF5CBDC00FD50E5 /* WeaponData.swift */ = {isa = PBXFileReference; fileEncoding = 4; lastKnownFileType = sourcecode.swift; path = WeaponData.swift; sourceTree = "<group>"; };
		A9B5F7B52CF92E070009F05E /* GearData.swift */ = {isa = PBXFileReference; fileEncoding = 4; lastKnownFileType = sourcecode.swift; path = GearData.swift; sourceTree = "<group>"; };
		A9ED71202CF9A2F700E8E409 /* DetailGoldSection.swift */ = {isa = PBXFileReference; fileEncoding = 4; lastKnownFileType = sourcecode.swift; path = DetailGoldSection.swift; sourceTree = "<group>"; };
		A9ED71222CF9A30300E8E409 /* FormGoldSection.swift */ = {isa = PBXFileReference; fileEncoding = 4; lastKnownFileType = sourcecode.swift; path = FormGoldSection.swift; sourceTree = "<group>"; };
		A9ED71242CF9A56600E8E409 /* DetailEncumbranceSection.swift */ = {isa = PBXFileReference; fileEncoding = 4; lastKnownFileType = sourcecode.swift; path = DetailEncumbranceSection.swift; sourceTree = "<group>"; };
		A9F0728C2CE75166005033F2 /* Whitehack Tools.app */ = {isa = PBXFileReference; explicitFileType = wrapper.application; includeInIndex = 0; path = "Whitehack Tools.app"; sourceTree = BUILT_PRODUCTS_DIR; };
		A9F0728F2CE75166005033F2 /* Whitehack_ToolsApp.swift */ = {isa = PBXFileReference; lastKnownFileType = sourcecode.swift; path = Whitehack_ToolsApp.swift; sourceTree = "<group>"; };
		A9F072932CE75169005033F2 /* Assets.xcassets */ = {isa = PBXFileReference; lastKnownFileType = folder.assetcatalog; path = Assets.xcassets; sourceTree = "<group>"; };
		A9F072952CE75169005033F2 /* Whitehack_Tools.entitlements */ = {isa = PBXFileReference; lastKnownFileType = text.plist.entitlements; path = Whitehack_Tools.entitlements; sourceTree = "<group>"; };
		A9F072972CE75169005033F2 /* Preview Assets.xcassets */ = {isa = PBXFileReference; lastKnownFileType = folder.assetcatalog; path = "Preview Assets.xcassets"; sourceTree = "<group>"; };
		A9F072AE2CE7597B005033F2 /* CharacterListView.swift */ = {isa = PBXFileReference; lastKnownFileType = sourcecode.swift; path = CharacterListView.swift; sourceTree = "<group>"; };
		A9F072B02CE75990005033F2 /* CharacterStore.swift */ = {isa = PBXFileReference; lastKnownFileType = sourcecode.swift; path = CharacterStore.swift; sourceTree = "<group>"; };
		A9F072B42CE75A06005033F2 /* PlayerCharacter.swift */ = {isa = PBXFileReference; lastKnownFileType = sourcecode.swift; path = PlayerCharacter.swift; sourceTree = "<group>"; };
		A9F072B62CE75ABE005033F2 /* WhitehackTypes.swift */ = {isa = PBXFileReference; lastKnownFileType = sourcecode.swift; path = WhitehackTypes.swift; sourceTree = "<group>"; };
		A9F072B82CE75AE4005033F2 /* CharacterDetailView.swift */ = {isa = PBXFileReference; lastKnownFileType = sourcecode.swift; path = CharacterDetailView.swift; sourceTree = "<group>"; };
		A9F072BA2CE75AFC005033F2 /* CharacterFormView.swift */ = {isa = PBXFileReference; lastKnownFileType = sourcecode.swift; path = CharacterFormView.swift; sourceTree = "<group>"; };
		A9F072BC2CE76DEA005033F2 /* AttributeGroupPair.swift */ = {isa = PBXFileReference; lastKnownFileType = sourcecode.swift; path = AttributeGroupPair.swift; sourceTree = "<group>"; };
		BEA6C48D2D15521A000768BE /* NumericTextField.swift */ = {isa = PBXFileReference; lastKnownFileType = sourcecode.swift; path = NumericTextField.swift; sourceTree = "<group>"; };
/* End PBXFileReference section */

/* Begin PBXFrameworksBuildPhase section */
		A9F072892CE75166005033F2 /* Frameworks */ = {
			isa = PBXFrameworksBuildPhase;
			buildActionMask = 2147483647;
			files = (
				A9B679C42CE8791E000ACE9E /* PhosphorSwift in Frameworks */,
				A959EC792CF1A99E0051DCEC /* PhosphorSwift in Frameworks */,
				A9A5FEE32CF2AF7500747C93 /* PhosphorSwift in Frameworks */,
			);
			runOnlyForDeploymentPostprocessing = 0;
		};
/* End PBXFrameworksBuildPhase section */

/* Begin PBXGroup section */
		A9807D082CF416210082D624 /* Export */ = {
			isa = PBXGroup;
			children = (
				A9807D092CF416210082D624 /* CharacterExportView.swift */,
			);
			path = Export;
			sourceTree = "<group>";
		};
		A9807D0A2CF416210082D624 /* Import */ = {
			isa = PBXGroup;
			children = (
				A9807D0B2CF416210082D624 /* CharacterImportView.swift */,
			);
			path = Import;
			sourceTree = "<group>";
		};
		A98488F42CF160D000A7CD7B /* Detail */ = {
			isa = PBXGroup;
			children = (
				A98488F52CF160D000A7CD7B /* Sections */,
			);
			path = Detail;
			sourceTree = "<group>";
		};
		A98488F52CF160D000A7CD7B /* Sections */ = {
			isa = PBXGroup;
			children = (
				A9ED71242CF9A56600E8E409 /* DetailEncumbranceSection.swift */,
				A9ED71202CF9A2F700E8E409 /* DetailGoldSection.swift */,
				A988F75B2CF4E1D500D879BA /* DetailArmorSection.swift */,
				A988F75C2CF4E1D500D879BA /* DetailWeaponsSection.swift */,
				A93E172F2CF20A88007114C7 /* DetailFortunateSection.swift */,
				A93E172B2CF2027C007114C7 /* DetailCleverKnacksSection.swift */,
				A93E17232CF1FA29007114C7 /* DetailBraveQuirksSection.swift */,
				A93E171F2CF1F05C007114C7 /* DetailWiseMiracleSection.swift */,
				A99E172E2CF19A8600B69E26 /* DetailStrongCombatSection.swift */,
				A99E172A2CF1982D00B69E26 /* DetailDeftAttunementSection.swift */,
				A984891E2CF1672F00A7CD7B /* DetailAdditionalInfoSection.swift */,
				A984891D2CF1672F00A7CD7B /* DetailCombatSection.swift */,
				A98489192CF1672E00A7CD7B /* DetailEquipmentSection.swift */,
				A984891B2CF1672E00A7CD7B /* DetailGroupsSection.swift */,
				A984891F2CF1672F00A7CD7B /* DetailHeaderSection.swift */,
				A984891C2CF1672F00A7CD7B /* DetailLanguagesSection.swift */,
				A98489182CF1672E00A7CD7B /* DetailNotesSection.swift */,
				A984891A2CF1672E00A7CD7B /* DetailProgressSection.swift */,
				A98489202CF1672F00A7CD7B /* DetailStatsSection.swift */,
			);
			path = Sections;
			sourceTree = "<group>";
		};
		A984892A2CF174F200A7CD7B /* Components */ = {
			isa = PBXGroup;
			children = (
				A984892B2CF174F200A7CD7B /* FormAffiliationGroupsView.swift */,
				A984892C2CF174F200A7CD7B /* FormVocationGroupView.swift */,
				A984892D2CF174F200A7CD7B /* FormAttributeGroupPairsView.swift */,
				A984892E2CF174F200A7CD7B /* FormSpeciesGroupView.swift */,
			);
			path = Components;
			sourceTree = "<group>";
		};
		A99CAAB22CE8598A004163DA /* Views */ = {
			isa = PBXGroup;
			children = (
				A99CAAB62CE85A65004163DA /* Character */,
			);
			path = Views;
			sourceTree = "<group>";
		};
		A99CAAB32CE8599C004163DA /* Models */ = {
			isa = PBXGroup;
			children = (
				A9F072B42CE75A06005033F2 /* PlayerCharacter.swift */,
				A9F072BC2CE76DEA005033F2 /* AttributeGroupPair.swift */,
			);
			path = Models;
			sourceTree = "<group>";
		};
		A99CAAB42CE859AA004163DA /* Data */ = {
			isa = PBXGroup;
			children = (
				A9F072B02CE75990005033F2 /* CharacterStore.swift */,
			);
			path = Data;
			sourceTree = "<group>";
		};
		A99CAAB52CE859B3004163DA /* Utilities */ = {
			isa = PBXGroup;
			children = (
				A9B5F7B52CF92E070009F05E /* GearData.swift */,
				A944E7E52CF8111E00870790 /* ArmorData.swift */,
				A9B446782CF5CBDC00FD50E5 /* WeaponData.swift */,
				A9F072B62CE75ABE005033F2 /* WhitehackTypes.swift */,
				A98488E32CF14F6700A7CD7B /* AdvancementTables.swift */,
			);
			path = Utilities;
			sourceTree = "<group>";
		};
		A99CAAB62CE85A65004163DA /* Character */ = {
			isa = PBXGroup;
			children = (
				A9807D082CF416210082D624 /* Export */,
				A9807D0A2CF416210082D624 /* Import */,
				A98488F42CF160D000A7CD7B /* Detail */,
				A99CAABA2CE85B9A004163DA /* Form */,
				A9F072AE2CE7597B005033F2 /* CharacterListView.swift */,
				A9F072B82CE75AE4005033F2 /* CharacterDetailView.swift */,
				A9F072BA2CE75AFC005033F2 /* CharacterFormView.swift */,
				A99CAAB92CE85A95004163DA /* Components */,
			);
			path = Character;
			sourceTree = "<group>";
		};
		A99CAAB92CE85A95004163DA /* Components */ = {
			isa = PBXGroup;
			children = (
				BEA6C48D2D15521A000768BE /* NumericTextField.swift */,
				A98488E52CF157E500A7CD7B /* ProgressBar.swift */,
				A99CAAB72CE85A7B004163DA /* AttributeEditor.swift */,
			);
			path = Components;
			sourceTree = "<group>";
		};
		A99CAABA2CE85B9A004163DA /* Form */ = {
			isa = PBXGroup;
			children = (
				A984892A2CF174F200A7CD7B /* Components */,
				A99CAABB2CE85BAA004163DA /* Sections */,
			);
			path = Form;
			sourceTree = "<group>";
		};
		A99CAABB2CE85BAA004163DA /* Sections */ = {
			isa = PBXGroup;
			children = (
				A9ED71222CF9A30300E8E409 /* FormGoldSection.swift */,
				A988F7582CF4E1C800D879BA /* FormArmorSection.swift */,
				A988F7572CF4E1C800D879BA /* FormWeaponsSection.swift */,
				A93E17312CF20A99007114C7 /* FormFortunateSection.swift */,
				A93E172D2CF20285007114C7 /* FormCleverKnacksSection.swift */,
				A93E17252CF1FA31007114C7 /* FormBraveQuirksSection.swift */,
				A93E17212CF1F068007114C7 /* FormWiseMiracleSection.swift */,
				A93E17192CF1E73B007114C7 /* FormAttributesSection.swift */,
				A99E172C2CF19A6600B69E26 /* FormStrongCombatSection.swift */,
				A99E17282CF18BE500B69E26 /* FormDeftAttunementSection.swift */,
				A98489082CF1671D00A7CD7B /* FormBasicInfoSection.swift */,
				A984890B2CF1671E00A7CD7B /* FormCharacterGroupsSection.swift */,
				A984890F2CF1671E00A7CD7B /* FormCombatStatsSection.swift */,
				A98489092CF1671D00A7CD7B /* FormEncumbranceSection.swift */,
				A984890E2CF1671E00A7CD7B /* FormEquipmentSection.swift */,
				A984890A2CF1671E00A7CD7B /* FormLanguagesSection.swift */,
				A984890C2CF1671E00A7CD7B /* FormNotesSection.swift */,
				A984890D2CF1671E00A7CD7B /* FormOtherInformationSection.swift */,
			);
			path = Sections;
			sourceTree = "<group>";
		};
		A9F072832CE75166005033F2 = {
			isa = PBXGroup;
			children = (
				A9F0728E2CE75166005033F2 /* Whitehack Tools */,
				A9F0728D2CE75166005033F2 /* Products */,
			);
			sourceTree = "<group>";
		};
		A9F0728D2CE75166005033F2 /* Products */ = {
			isa = PBXGroup;
			children = (
				A9F0728C2CE75166005033F2 /* Whitehack Tools.app */,
			);
			name = Products;
			sourceTree = "<group>";
		};
		A9F0728E2CE75166005033F2 /* Whitehack Tools */ = {
			isa = PBXGroup;
			children = (
				A93594AE2CFB46EB00FDB292 /* Whitehack-Tools-Info.plist */,
				A9F0728F2CE75166005033F2 /* Whitehack_ToolsApp.swift */,
				A9F072932CE75169005033F2 /* Assets.xcassets */,
				A9F072952CE75169005033F2 /* Whitehack_Tools.entitlements */,
				A9F072962CE75169005033F2 /* Preview Content */,
				A99CAAB22CE8598A004163DA /* Views */,
				A99CAAB42CE859AA004163DA /* Data */,
				A99CAAB32CE8599C004163DA /* Models */,
				A99CAAB52CE859B3004163DA /* Utilities */,
			);
			path = "Whitehack Tools";
			sourceTree = "<group>";
		};
		A9F072962CE75169005033F2 /* Preview Content */ = {
			isa = PBXGroup;
			children = (
				A9F072972CE75169005033F2 /* Preview Assets.xcassets */,
			);
			path = "Preview Content";
			sourceTree = "<group>";
		};
/* End PBXGroup section */

/* Begin PBXNativeTarget section */
		A9F0728B2CE75166005033F2 /* Whitehack Tools */ = {
			isa = PBXNativeTarget;
			buildConfigurationList = A9F0729B2CE75169005033F2 /* Build configuration list for PBXNativeTarget "Whitehack Tools" */;
			buildPhases = (
				A9F072882CE75166005033F2 /* Sources */,
				A9F072892CE75166005033F2 /* Frameworks */,
				A9F0728A2CE75166005033F2 /* Resources */,
			);
			buildRules = (
			);
			dependencies = (
			);
			name = "Whitehack Tools";
			packageProductDependencies = (
				A9B679C32CE8791E000ACE9E /* PhosphorSwift */,
				A959EC782CF1A99E0051DCEC /* PhosphorSwift */,
				A9A5FEE22CF2AF7500747C93 /* PhosphorSwift */,
			);
			productName = "Whitehack Tools";
			productReference = A9F0728C2CE75166005033F2 /* Whitehack Tools.app */;
			productType = "com.apple.product-type.application";
		};
/* End PBXNativeTarget section */

/* Begin PBXProject section */
		A9F072842CE75166005033F2 /* Project object */ = {
			isa = PBXProject;
			attributes = {
				BuildIndependentTargetsInParallel = 1;
				LastSwiftUpdateCheck = 1520;
				LastUpgradeCheck = 1520;
				TargetAttributes = {
					A9F0728B2CE75166005033F2 = {
						CreatedOnToolsVersion = 15.2;
					};
				};
			};
			buildConfigurationList = A9F072872CE75166005033F2 /* Build configuration list for PBXProject "Whitehack Tools" */;
			compatibilityVersion = "Xcode 14.0";
			developmentRegion = en;
			hasScannedForEncodings = 0;
			knownRegions = (
				en,
				Base,
			);
			mainGroup = A9F072832CE75166005033F2;
			packageReferences = (
				A9B679C22CE8791E000ACE9E /* XCRemoteSwiftPackageReference "swift" */,
			);
			productRefGroup = A9F0728D2CE75166005033F2 /* Products */;
			projectDirPath = "";
			projectRoot = "";
			targets = (
				A9F0728B2CE75166005033F2 /* Whitehack Tools */,
			);
		};
/* End PBXProject section */

/* Begin PBXResourcesBuildPhase section */
		A9F0728A2CE75166005033F2 /* Resources */ = {
			isa = PBXResourcesBuildPhase;
			buildActionMask = 2147483647;
			files = (
				A9F072982CE75169005033F2 /* Preview Assets.xcassets in Resources */,
				A9F072942CE75169005033F2 /* Assets.xcassets in Resources */,
			);
			runOnlyForDeploymentPostprocessing = 0;
		};
/* End PBXResourcesBuildPhase section */

/* Begin PBXSourcesBuildPhase section */
		A9F072882CE75166005033F2 /* Sources */ = {
			isa = PBXSourcesBuildPhase;
			buildActionMask = 2147483647;
			files = (
				A98488E62CF157E500A7CD7B /* ProgressBar.swift in Sources */,
				A98489232CF1673000A7CD7B /* DetailProgressSection.swift in Sources */,
				A93E17322CF20A99007114C7 /* FormFortunateSection.swift in Sources */,
				A9B446792CF5CBDC00FD50E5 /* WeaponData.swift in Sources */,
				A93E172C2CF2027C007114C7 /* DetailCleverKnacksSection.swift in Sources */,
				A9F072BD2CE76DEA005033F2 /* AttributeGroupPair.swift in Sources */,
				A988F75A2CF4E1C800D879BA /* FormArmorSection.swift in Sources */,
				A93E171A2CF1E73B007114C7 /* FormAttributesSection.swift in Sources */,
				A98489162CF1671F00A7CD7B /* FormEquipmentSection.swift in Sources */,
				A99E172B2CF1982D00B69E26 /* DetailDeftAttunementSection.swift in Sources */,
				A98489152CF1671F00A7CD7B /* FormOtherInformationSection.swift in Sources */,
				A98489112CF1671F00A7CD7B /* FormEncumbranceSection.swift in Sources */,
				A98489262CF1673000A7CD7B /* DetailCombatSection.swift in Sources */,
				A98489252CF1673000A7CD7B /* DetailLanguagesSection.swift in Sources */,
				A98489142CF1671F00A7CD7B /* FormNotesSection.swift in Sources */,
				A98489302CF174F200A7CD7B /* FormVocationGroupView.swift in Sources */,
				A93E17202CF1F05C007114C7 /* DetailWiseMiracleSection.swift in Sources */,
				A98489172CF1671F00A7CD7B /* FormCombatStatsSection.swift in Sources */,
				A9F072AF2CE7597B005033F2 /* CharacterListView.swift in Sources */,
				A98489272CF1673000A7CD7B /* DetailAdditionalInfoSection.swift in Sources */,
				A93E17262CF1FA31007114C7 /* FormBraveQuirksSection.swift in Sources */,
				A9ED71212CF9A2F800E8E409 /* DetailGoldSection.swift in Sources */,
				A99E172D2CF19A6600B69E26 /* FormStrongCombatSection.swift in Sources */,
				A99E17292CF18BE500B69E26 /* FormDeftAttunementSection.swift in Sources */,
				A984892F2CF174F200A7CD7B /* FormAffiliationGroupsView.swift in Sources */,
				A9B5F7B62CF92E070009F05E /* GearData.swift in Sources */,
				A9F072B12CE75990005033F2 /* CharacterStore.swift in Sources */,
				A98489102CF1671F00A7CD7B /* FormBasicInfoSection.swift in Sources */,
				A93E17302CF20A88007114C7 /* DetailFortunateSection.swift in Sources */,
				A9F072BB2CE75AFC005033F2 /* CharacterFormView.swift in Sources */,
				A98489132CF1671F00A7CD7B /* FormCharacterGroupsSection.swift in Sources */,
				A99CAAB82CE85A7B004163DA /* AttributeEditor.swift in Sources */,
				A98488E42CF14F6700A7CD7B /* AdvancementTables.swift in Sources */,
				BEA6C48E2D15521A000768BE /* NumericTextField.swift in Sources */,
				A98489122CF1671F00A7CD7B /* FormLanguagesSection.swift in Sources */,
				A9F072902CE75166005033F2 /* Whitehack_ToolsApp.swift in Sources */,
				A99E172F2CF19A8600B69E26 /* DetailStrongCombatSection.swift in Sources */,
				A98489212CF1673000A7CD7B /* DetailNotesSection.swift in Sources */,
				A944E7E62CF8111E00870790 /* ArmorData.swift in Sources */,
				A98489242CF1673000A7CD7B /* DetailGroupsSection.swift in Sources */,
				A93E172E2CF20285007114C7 /* FormCleverKnacksSection.swift in Sources */,
				A98489312CF174F200A7CD7B /* FormAttributeGroupPairsView.swift in Sources */,
				A93E17222CF1F068007114C7 /* FormWiseMiracleSection.swift in Sources */,
				A93E17242CF1FA29007114C7 /* DetailBraveQuirksSection.swift in Sources */,
				A9807D0C2CF416210082D624 /* CharacterExportView.swift in Sources */,
				A9807D0D2CF416210082D624 /* CharacterImportView.swift in Sources */,
				A988F75E2CF4E1D500D879BA /* DetailWeaponsSection.swift in Sources */,
				A9F072B92CE75AE4005033F2 /* CharacterDetailView.swift in Sources */,
				A9ED71232CF9A30400E8E409 /* FormGoldSection.swift in Sources */,
				A988F7592CF4E1C800D879BA /* FormWeaponsSection.swift in Sources */,
				A9F072B72CE75ABE005033F2 /* WhitehackTypes.swift in Sources */,
				A98489282CF1673000A7CD7B /* DetailHeaderSection.swift in Sources */,
				A9F072B52CE75A06005033F2 /* PlayerCharacter.swift in Sources */,
				A9ED71252CF9A56600E8E409 /* DetailEncumbranceSection.swift in Sources */,
				A988F75D2CF4E1D500D879BA /* DetailArmorSection.swift in Sources */,
				A98489322CF174F200A7CD7B /* FormSpeciesGroupView.swift in Sources */,
				A98489292CF1673000A7CD7B /* DetailStatsSection.swift in Sources */,
				A98489222CF1673000A7CD7B /* DetailEquipmentSection.swift in Sources */,
			);
			runOnlyForDeploymentPostprocessing = 0;
		};
/* End PBXSourcesBuildPhase section */

/* Begin XCBuildConfiguration section */
		A9F072992CE75169005033F2 /* Debug */ = {
			isa = XCBuildConfiguration;
			buildSettings = {
				ALWAYS_SEARCH_USER_PATHS = NO;
				ASSETCATALOG_COMPILER_GENERATE_SWIFT_ASSET_SYMBOL_EXTENSIONS = YES;
				CLANG_ANALYZER_NONNULL = YES;
				CLANG_ANALYZER_NUMBER_OBJECT_CONVERSION = YES_AGGRESSIVE;
				CLANG_CXX_LANGUAGE_STANDARD = "gnu++20";
				CLANG_ENABLE_MODULES = YES;
				CLANG_ENABLE_OBJC_ARC = YES;
				CLANG_ENABLE_OBJC_WEAK = YES;
				CLANG_WARN_BLOCK_CAPTURE_AUTORELEASING = YES;
				CLANG_WARN_BOOL_CONVERSION = YES;
				CLANG_WARN_COMMA = YES;
				CLANG_WARN_CONSTANT_CONVERSION = YES;
				CLANG_WARN_DEPRECATED_OBJC_IMPLEMENTATIONS = YES;
				CLANG_WARN_DIRECT_OBJC_ISA_USAGE = YES_ERROR;
				CLANG_WARN_DOCUMENTATION_COMMENTS = YES;
				CLANG_WARN_EMPTY_BODY = YES;
				CLANG_WARN_ENUM_CONVERSION = YES;
				CLANG_WARN_INFINITE_RECURSION = YES;
				CLANG_WARN_INT_CONVERSION = YES;
				CLANG_WARN_NON_LITERAL_NULL_CONVERSION = YES;
				CLANG_WARN_OBJC_IMPLICIT_RETAIN_SELF = YES;
				CLANG_WARN_OBJC_LITERAL_CONVERSION = YES;
				CLANG_WARN_OBJC_ROOT_CLASS = YES_ERROR;
				CLANG_WARN_QUOTED_INCLUDE_IN_FRAMEWORK_HEADER = YES;
				CLANG_WARN_RANGE_LOOP_ANALYSIS = YES;
				CLANG_WARN_STRICT_PROTOTYPES = YES;
				CLANG_WARN_SUSPICIOUS_MOVE = YES;
				CLANG_WARN_UNGUARDED_AVAILABILITY = YES_AGGRESSIVE;
				CLANG_WARN_UNREACHABLE_CODE = YES;
				CLANG_WARN__DUPLICATE_METHOD_MATCH = YES;
				COPY_PHASE_STRIP = NO;
				DEBUG_INFORMATION_FORMAT = dwarf;
				ENABLE_STRICT_OBJC_MSGSEND = YES;
				ENABLE_TESTABILITY = YES;
				ENABLE_USER_SCRIPT_SANDBOXING = YES;
				GCC_C_LANGUAGE_STANDARD = gnu17;
				GCC_DYNAMIC_NO_PIC = NO;
				GCC_NO_COMMON_BLOCKS = YES;
				GCC_OPTIMIZATION_LEVEL = 0;
				GCC_PREPROCESSOR_DEFINITIONS = (
					"DEBUG=1",
					"$(inherited)",
				);
				GCC_WARN_64_TO_32_BIT_CONVERSION = YES;
				GCC_WARN_ABOUT_RETURN_TYPE = YES_ERROR;
				GCC_WARN_UNDECLARED_SELECTOR = YES;
				GCC_WARN_UNINITIALIZED_AUTOS = YES_AGGRESSIVE;
				GCC_WARN_UNUSED_FUNCTION = YES;
				GCC_WARN_UNUSED_VARIABLE = YES;
				LOCALIZATION_PREFERS_STRING_CATALOGS = YES;
				MTL_ENABLE_DEBUG_INFO = INCLUDE_SOURCE;
				MTL_FAST_MATH = YES;
				ONLY_ACTIVE_ARCH = YES;
				SWIFT_ACTIVE_COMPILATION_CONDITIONS = "DEBUG $(inherited)";
				SWIFT_OPTIMIZATION_LEVEL = "-Onone";
			};
			name = Debug;
		};
		A9F0729A2CE75169005033F2 /* Release */ = {
			isa = XCBuildConfiguration;
			buildSettings = {
				ALWAYS_SEARCH_USER_PATHS = NO;
				ASSETCATALOG_COMPILER_GENERATE_SWIFT_ASSET_SYMBOL_EXTENSIONS = YES;
				CLANG_ANALYZER_NONNULL = YES;
				CLANG_ANALYZER_NUMBER_OBJECT_CONVERSION = YES_AGGRESSIVE;
				CLANG_CXX_LANGUAGE_STANDARD = "gnu++20";
				CLANG_ENABLE_MODULES = YES;
				CLANG_ENABLE_OBJC_ARC = YES;
				CLANG_ENABLE_OBJC_WEAK = YES;
				CLANG_WARN_BLOCK_CAPTURE_AUTORELEASING = YES;
				CLANG_WARN_BOOL_CONVERSION = YES;
				CLANG_WARN_COMMA = YES;
				CLANG_WARN_CONSTANT_CONVERSION = YES;
				CLANG_WARN_DEPRECATED_OBJC_IMPLEMENTATIONS = YES;
				CLANG_WARN_DIRECT_OBJC_ISA_USAGE = YES_ERROR;
				CLANG_WARN_DOCUMENTATION_COMMENTS = YES;
				CLANG_WARN_EMPTY_BODY = YES;
				CLANG_WARN_ENUM_CONVERSION = YES;
				CLANG_WARN_INFINITE_RECURSION = YES;
				CLANG_WARN_INT_CONVERSION = YES;
				CLANG_WARN_NON_LITERAL_NULL_CONVERSION = YES;
				CLANG_WARN_OBJC_IMPLICIT_RETAIN_SELF = YES;
				CLANG_WARN_OBJC_LITERAL_CONVERSION = YES;
				CLANG_WARN_OBJC_ROOT_CLASS = YES_ERROR;
				CLANG_WARN_QUOTED_INCLUDE_IN_FRAMEWORK_HEADER = YES;
				CLANG_WARN_RANGE_LOOP_ANALYSIS = YES;
				CLANG_WARN_STRICT_PROTOTYPES = YES;
				CLANG_WARN_SUSPICIOUS_MOVE = YES;
				CLANG_WARN_UNGUARDED_AVAILABILITY = YES_AGGRESSIVE;
				CLANG_WARN_UNREACHABLE_CODE = YES;
				CLANG_WARN__DUPLICATE_METHOD_MATCH = YES;
				COPY_PHASE_STRIP = NO;
				DEBUG_INFORMATION_FORMAT = "dwarf-with-dsym";
				ENABLE_NS_ASSERTIONS = NO;
				ENABLE_STRICT_OBJC_MSGSEND = YES;
				ENABLE_USER_SCRIPT_SANDBOXING = YES;
				GCC_C_LANGUAGE_STANDARD = gnu17;
				GCC_NO_COMMON_BLOCKS = YES;
				GCC_WARN_64_TO_32_BIT_CONVERSION = YES;
				GCC_WARN_ABOUT_RETURN_TYPE = YES_ERROR;
				GCC_WARN_UNDECLARED_SELECTOR = YES;
				GCC_WARN_UNINITIALIZED_AUTOS = YES_AGGRESSIVE;
				GCC_WARN_UNUSED_FUNCTION = YES;
				GCC_WARN_UNUSED_VARIABLE = YES;
				LOCALIZATION_PREFERS_STRING_CATALOGS = YES;
				MTL_ENABLE_DEBUG_INFO = NO;
				MTL_FAST_MATH = YES;
				SWIFT_COMPILATION_MODE = wholemodule;
			};
			name = Release;
		};
		A9F0729C2CE75169005033F2 /* Debug */ = {
			isa = XCBuildConfiguration;
			buildSettings = {
				ASSETCATALOG_COMPILER_APPICON_NAME = AppIcon;
				ASSETCATALOG_COMPILER_GLOBAL_ACCENT_COLOR_NAME = AccentColor;
				CODE_SIGN_ENTITLEMENTS = "Whitehack Tools/Whitehack_Tools.entitlements";
				CODE_SIGN_STYLE = Automatic;
				CURRENT_PROJECT_VERSION = 1.1.1;
				DEVELOPMENT_ASSET_PATHS = "\"Whitehack Tools/Preview Content\"";
				DEVELOPMENT_TEAM = Y4ZK5B3854;
				ENABLE_HARDENED_RUNTIME = YES;
				ENABLE_PREVIEWS = YES;
				GENERATE_INFOPLIST_FILE = YES;
				INFOPLIST_FILE = "Whitehack-Tools-Info.plist";
				"INFOPLIST_KEY_UIApplicationSceneManifest_Generation[sdk=iphoneos*]" = YES;
				"INFOPLIST_KEY_UIApplicationSceneManifest_Generation[sdk=iphonesimulator*]" = YES;
				"INFOPLIST_KEY_UIApplicationSupportsIndirectInputEvents[sdk=iphoneos*]" = YES;
				"INFOPLIST_KEY_UIApplicationSupportsIndirectInputEvents[sdk=iphonesimulator*]" = YES;
				"INFOPLIST_KEY_UILaunchScreen_Generation[sdk=iphoneos*]" = YES;
				"INFOPLIST_KEY_UILaunchScreen_Generation[sdk=iphonesimulator*]" = YES;
				"INFOPLIST_KEY_UIStatusBarStyle[sdk=iphoneos*]" = UIStatusBarStyleDefault;
				"INFOPLIST_KEY_UIStatusBarStyle[sdk=iphonesimulator*]" = UIStatusBarStyleDefault;
				INFOPLIST_KEY_UISupportedInterfaceOrientations_iPad = "UIInterfaceOrientationPortrait UIInterfaceOrientationPortraitUpsideDown UIInterfaceOrientationLandscapeLeft UIInterfaceOrientationLandscapeRight";
				INFOPLIST_KEY_UISupportedInterfaceOrientations_iPhone = "UIInterfaceOrientationPortrait UIInterfaceOrientationLandscapeLeft UIInterfaceOrientationLandscapeRight";
				IPHONEOS_DEPLOYMENT_TARGET = 15.0;
				LD_RUNPATH_SEARCH_PATHS = "@executable_path/Frameworks";
				"LD_RUNPATH_SEARCH_PATHS[sdk=macosx*]" = "@executable_path/../Frameworks";
				MACOSX_DEPLOYMENT_TARGET = 13.7;
				MARKETING_VERSION = 1.1.0;
				PRODUCT_BUNDLE_IDENTIFIER = com.netartisancollective.whitehacktools;
				PRODUCT_NAME = "$(TARGET_NAME)";
				SDKROOT = auto;
				SUPPORTED_PLATFORMS = "iphoneos iphonesimulator macosx";
				SWIFT_EMIT_LOC_STRINGS = YES;
				SWIFT_VERSION = 5.0;
				TARGETED_DEVICE_FAMILY = "1,2";
			};
			name = Debug;
		};
		A9F0729D2CE75169005033F2 /* Release */ = {
			isa = XCBuildConfiguration;
			buildSettings = {
				ASSETCATALOG_COMPILER_APPICON_NAME = AppIcon;
				ASSETCATALOG_COMPILER_GLOBAL_ACCENT_COLOR_NAME = AccentColor;
				CODE_SIGN_ENTITLEMENTS = "Whitehack Tools/Whitehack_Tools.entitlements";
				CODE_SIGN_STYLE = Automatic;
				CURRENT_PROJECT_VERSION = 1.1.1;
				DEVELOPMENT_ASSET_PATHS = "\"Whitehack Tools/Preview Content\"";
				DEVELOPMENT_TEAM = Y4ZK5B3854;
				ENABLE_HARDENED_RUNTIME = YES;
				ENABLE_PREVIEWS = YES;
				GENERATE_INFOPLIST_FILE = YES;
				INFOPLIST_FILE = "Whitehack-Tools-Info.plist";
				"INFOPLIST_KEY_UIApplicationSceneManifest_Generation[sdk=iphoneos*]" = YES;
				"INFOPLIST_KEY_UIApplicationSceneManifest_Generation[sdk=iphonesimulator*]" = YES;
				"INFOPLIST_KEY_UIApplicationSupportsIndirectInputEvents[sdk=iphoneos*]" = YES;
				"INFOPLIST_KEY_UIApplicationSupportsIndirectInputEvents[sdk=iphonesimulator*]" = YES;
				"INFOPLIST_KEY_UILaunchScreen_Generation[sdk=iphoneos*]" = YES;
				"INFOPLIST_KEY_UILaunchScreen_Generation[sdk=iphonesimulator*]" = YES;
				"INFOPLIST_KEY_UIStatusBarStyle[sdk=iphoneos*]" = UIStatusBarStyleDefault;
				"INFOPLIST_KEY_UIStatusBarStyle[sdk=iphonesimulator*]" = UIStatusBarStyleDefault;
				INFOPLIST_KEY_UISupportedInterfaceOrientations_iPad = "UIInterfaceOrientationPortrait UIInterfaceOrientationPortraitUpsideDown UIInterfaceOrientationLandscapeLeft UIInterfaceOrientationLandscapeRight";
				INFOPLIST_KEY_UISupportedInterfaceOrientations_iPhone = "UIInterfaceOrientationPortrait UIInterfaceOrientationLandscapeLeft UIInterfaceOrientationLandscapeRight";
				IPHONEOS_DEPLOYMENT_TARGET = 15.0;
				LD_RUNPATH_SEARCH_PATHS = "@executable_path/Frameworks";
				"LD_RUNPATH_SEARCH_PATHS[sdk=macosx*]" = "@executable_path/../Frameworks";
				MACOSX_DEPLOYMENT_TARGET = 13.7;
				MARKETING_VERSION = 1.1.0;
				PRODUCT_BUNDLE_IDENTIFIER = com.netartisancollective.whitehacktools;
				PRODUCT_NAME = "$(TARGET_NAME)";
				SDKROOT = auto;
				SUPPORTED_PLATFORMS = "iphoneos iphonesimulator macosx";
				SWIFT_EMIT_LOC_STRINGS = YES;
				SWIFT_VERSION = 5.0;
				TARGETED_DEVICE_FAMILY = "1,2";
			};
			name = Release;
		};
/* End XCBuildConfiguration section */

/* Begin XCConfigurationList section */
		A9F072872CE75166005033F2 /* Build configuration list for PBXProject "Whitehack Tools" */ = {
			isa = XCConfigurationList;
			buildConfigurations = (
				A9F072992CE75169005033F2 /* Debug */,
				A9F0729A2CE75169005033F2 /* Release */,
			);
			defaultConfigurationIsVisible = 0;
			defaultConfigurationName = Release;
		};
		A9F0729B2CE75169005033F2 /* Build configuration list for PBXNativeTarget "Whitehack Tools" */ = {
			isa = XCConfigurationList;
			buildConfigurations = (
				A9F0729C2CE75169005033F2 /* Debug */,
				A9F0729D2CE75169005033F2 /* Release */,
			);
			defaultConfigurationIsVisible = 0;
			defaultConfigurationName = Release;
		};
/* End XCConfigurationList section */

/* Begin XCRemoteSwiftPackageReference section */
		A9B679C22CE8791E000ACE9E /* XCRemoteSwiftPackageReference "swift" */ = {
			isa = XCRemoteSwiftPackageReference;
			repositoryURL = "https://github.com/phosphor-icons/swift";
			requirement = {
				kind = upToNextMajorVersion;
				minimumVersion = 2.1.0;
			};
		};
/* End XCRemoteSwiftPackageReference section */

/* Begin XCSwiftPackageProductDependency section */
		A959EC782CF1A99E0051DCEC /* PhosphorSwift */ = {
			isa = XCSwiftPackageProductDependency;
			package = A9B679C22CE8791E000ACE9E /* XCRemoteSwiftPackageReference "swift" */;
			productName = PhosphorSwift;
		};
		A9A5FEE22CF2AF7500747C93 /* PhosphorSwift */ = {
			isa = XCSwiftPackageProductDependency;
			package = A9B679C22CE8791E000ACE9E /* XCRemoteSwiftPackageReference "swift" */;
			productName = PhosphorSwift;
		};
		A9B679C32CE8791E000ACE9E /* PhosphorSwift */ = {
			isa = XCSwiftPackageProductDependency;
			package = A9B679C22CE8791E000ACE9E /* XCRemoteSwiftPackageReference "swift" */;
			productName = PhosphorSwift;
		};
/* End XCSwiftPackageProductDependency section */
	};
	rootObject = A9F072842CE75166005033F2 /* Project object */;
}
