// !$*UTF8*$!
{
	archiveVersion = 1;
	classes = {
	};
	objectVersion = 56;
	objects = {

/* Begin PBXBuildFile section */
		A98488E42CF14F6700A7CD7B /* AdvancementTables.swift in Sources */ = {isa = PBXBuildFile; fileRef = A98488E32CF14F6700A7CD7B /* AdvancementTables.swift */; };
		A98488E62CF157E500A7CD7B /* ProgressBar.swift in Sources */ = {isa = PBXBuildFile; fileRef = A98488E52CF157E500A7CD7B /* ProgressBar.swift */; };
		A99CAAB82CE85A7B004163DA /* AttributeEditor.swift in Sources */ = {isa = PBXBuildFile; fileRef = A99CAAB72CE85A7B004163DA /* AttributeEditor.swift */; };
		A99CAABD2CE85BB7004163DA /* CharacterGroupsSection.swift in Sources */ = {isa = PBXBuildFile; fileRef = A99CAABC2CE85BB7004163DA /* CharacterGroupsSection.swift */; };
		A99CAABF2CE85E84004163DA /* BasicInfoSection.swift in Sources */ = {isa = PBXBuildFile; fileRef = A99CAABE2CE85E84004163DA /* BasicInfoSection.swift */; };
		A99CAAC12CE85E99004163DA /* CombatStatsSection.swift in Sources */ = {isa = PBXBuildFile; fileRef = A99CAAC02CE85E99004163DA /* CombatStatsSection.swift */; };
		A99CAAC32CE85EBE004163DA /* LanguagesSection.swift in Sources */ = {isa = PBXBuildFile; fileRef = A99CAAC22CE85EBE004163DA /* LanguagesSection.swift */; };
		A99CAAC52CE85ED3004163DA /* EquipmentSection.swift in Sources */ = {isa = PBXBuildFile; fileRef = A99CAAC42CE85ED3004163DA /* EquipmentSection.swift */; };
		A99CAAC72CE85EEE004163DA /* EncumbranceSection.swift in Sources */ = {isa = PBXBuildFile; fileRef = A99CAAC62CE85EEE004163DA /* EncumbranceSection.swift */; };
		A99CAAC92CE85F02004163DA /* OtherInformationSection.swift in Sources */ = {isa = PBXBuildFile; fileRef = A99CAAC82CE85F02004163DA /* OtherInformationSection.swift */; };
		A99CAACB2CE85F15004163DA /* NotesSection.swift in Sources */ = {isa = PBXBuildFile; fileRef = A99CAACA2CE85F15004163DA /* NotesSection.swift */; };
		A9B679C42CE8791E000ACE9E /* PhosphorSwift in Frameworks */ = {isa = PBXBuildFile; productRef = A9B679C32CE8791E000ACE9E /* PhosphorSwift */; };
		A9F072902CE75166005033F2 /* Whitehack_ToolsApp.swift in Sources */ = {isa = PBXBuildFile; fileRef = A9F0728F2CE75166005033F2 /* Whitehack_ToolsApp.swift */; };
		A9F072942CE75169005033F2 /* Assets.xcassets in Resources */ = {isa = PBXBuildFile; fileRef = A9F072932CE75169005033F2 /* Assets.xcassets */; };
		A9F072982CE75169005033F2 /* Preview Assets.xcassets in Resources */ = {isa = PBXBuildFile; fileRef = A9F072972CE75169005033F2 /* Preview Assets.xcassets */; };
		A9F072AF2CE7597B005033F2 /* CharacterListView.swift in Sources */ = {isa = PBXBuildFile; fileRef = A9F072AE2CE7597B005033F2 /* CharacterListView.swift */; };
		A9F072B12CE75990005033F2 /* CharacterStore.swift in Sources */ = {isa = PBXBuildFile; fileRef = A9F072B02CE75990005033F2 /* CharacterStore.swift */; };
		A9F072B52CE75A06005033F2 /* PlayerCharacter.swift in Sources */ = {isa = PBXBuildFile; fileRef = A9F072B42CE75A06005033F2 /* PlayerCharacter.swift */; };
		A9F072B72CE75ABE005033F2 /* WhitehackTypes.swift in Sources */ = {isa = PBXBuildFile; fileRef = A9F072B62CE75ABE005033F2 /* WhitehackTypes.swift */; };
		A9F072B92CE75AE4005033F2 /* CharacterDetailView.swift in Sources */ = {isa = PBXBuildFile; fileRef = A9F072B82CE75AE4005033F2 /* CharacterDetailView.swift */; };
		A9F072BB2CE75AFC005033F2 /* CharacterFormView.swift in Sources */ = {isa = PBXBuildFile; fileRef = A9F072BA2CE75AFC005033F2 /* CharacterFormView.swift */; };
		A9F072BD2CE76DEA005033F2 /* AttributeGroupPair.swift in Sources */ = {isa = PBXBuildFile; fileRef = A9F072BC2CE76DEA005033F2 /* AttributeGroupPair.swift */; };
/* End PBXBuildFile section */

/* Begin PBXFileReference section */
		A98488E32CF14F6700A7CD7B /* AdvancementTables.swift */ = {isa = PBXFileReference; lastKnownFileType = sourcecode.swift; path = AdvancementTables.swift; sourceTree = "<group>"; };
		A98488E52CF157E500A7CD7B /* ProgressBar.swift */ = {isa = PBXFileReference; fileEncoding = 4; lastKnownFileType = sourcecode.swift; path = ProgressBar.swift; sourceTree = "<group>"; };
		A99CAAB72CE85A7B004163DA /* AttributeEditor.swift */ = {isa = PBXFileReference; lastKnownFileType = sourcecode.swift; path = AttributeEditor.swift; sourceTree = "<group>"; };
		A99CAABC2CE85BB7004163DA /* CharacterGroupsSection.swift */ = {isa = PBXFileReference; lastKnownFileType = sourcecode.swift; path = CharacterGroupsSection.swift; sourceTree = "<group>"; };
		A99CAABE2CE85E84004163DA /* BasicInfoSection.swift */ = {isa = PBXFileReference; lastKnownFileType = sourcecode.swift; path = BasicInfoSection.swift; sourceTree = "<group>"; };
		A99CAAC02CE85E99004163DA /* CombatStatsSection.swift */ = {isa = PBXFileReference; lastKnownFileType = sourcecode.swift; path = CombatStatsSection.swift; sourceTree = "<group>"; };
		A99CAAC22CE85EBE004163DA /* LanguagesSection.swift */ = {isa = PBXFileReference; lastKnownFileType = sourcecode.swift; path = LanguagesSection.swift; sourceTree = "<group>"; };
		A99CAAC42CE85ED3004163DA /* EquipmentSection.swift */ = {isa = PBXFileReference; lastKnownFileType = sourcecode.swift; path = EquipmentSection.swift; sourceTree = "<group>"; };
		A99CAAC62CE85EEE004163DA /* EncumbranceSection.swift */ = {isa = PBXFileReference; lastKnownFileType = sourcecode.swift; path = EncumbranceSection.swift; sourceTree = "<group>"; };
		A99CAAC82CE85F02004163DA /* OtherInformationSection.swift */ = {isa = PBXFileReference; lastKnownFileType = sourcecode.swift; path = OtherInformationSection.swift; sourceTree = "<group>"; };
		A99CAACA2CE85F15004163DA /* NotesSection.swift */ = {isa = PBXFileReference; lastKnownFileType = sourcecode.swift; path = NotesSection.swift; sourceTree = "<group>"; };
		A9F0728C2CE75166005033F2 /* Whitehack Tools.app */ = {isa = PBXFileReference; explicitFileType = wrapper.application; includeInIndex = 0; path = "Whitehack Tools.app"; sourceTree = BUILT_PRODUCTS_DIR; };
		A9F0728F2CE75166005033F2 /* Whitehack_ToolsApp.swift */ = {isa = PBXFileReference; lastKnownFileType = sourcecode.swift; path = Whitehack_ToolsApp.swift; sourceTree = "<group>"; };
		A9F072932CE75169005033F2 /* Assets.xcassets */ = {isa = PBXFileReference; lastKnownFileType = folder.assetcatalog; path = Assets.xcassets; sourceTree = "<group>"; };
		A9F072952CE75169005033F2 /* Whitehack_Tools.entitlements */ = {isa = PBXFileReference; lastKnownFileType = text.plist.entitlements; path = Whitehack_Tools.entitlements; sourceTree = "<group>"; };
		A9F072972CE75169005033F2 /* Preview Assets.xcassets */ = {isa = PBXFileReference; lastKnownFileType = folder.assetcatalog; path = "Preview Assets.xcassets"; sourceTree = "<group>"; };
		A9F072AE2CE7597B005033F2 /* CharacterListView.swift */ = {isa = PBXFileReference; lastKnownFileType = sourcecode.swift; path = CharacterListView.swift; sourceTree = "<group>"; };
		A9F072B02CE75990005033F2 /* CharacterStore.swift */ = {isa = PBXFileReference; lastKnownFileType = sourcecode.swift; path = CharacterStore.swift; sourceTree = "<group>"; };
		A9F072B42CE75A06005033F2 /* PlayerCharacter.swift */ = {isa = PBXFileReference; lastKnownFileType = sourcecode.swift; path = PlayerCharacter.swift; sourceTree = "<group>"; };
		A9F072B62CE75ABE005033F2 /* WhitehackTypes.swift */ = {isa = PBXFileReference; lastKnownFileType = sourcecode.swift; path = WhitehackTypes.swift; sourceTree = "<group>"; };
		A9F072B82CE75AE4005033F2 /* CharacterDetailView.swift */ = {isa = PBXFileReference; lastKnownFileType = sourcecode.swift; path = CharacterDetailView.swift; sourceTree = "<group>"; };
		A9F072BA2CE75AFC005033F2 /* CharacterFormView.swift */ = {isa = PBXFileReference; lastKnownFileType = sourcecode.swift; path = CharacterFormView.swift; sourceTree = "<group>"; };
		A9F072BC2CE76DEA005033F2 /* AttributeGroupPair.swift */ = {isa = PBXFileReference; lastKnownFileType = sourcecode.swift; path = AttributeGroupPair.swift; sourceTree = "<group>"; };
/* End PBXFileReference section */

/* Begin PBXFrameworksBuildPhase section */
		A9F072892CE75166005033F2 /* Frameworks */ = {
			isa = PBXFrameworksBuildPhase;
			buildActionMask = 2147483647;
			files = (
				A9B679C42CE8791E000ACE9E /* PhosphorSwift in Frameworks */,
			);
			runOnlyForDeploymentPostprocessing = 0;
		};
/* End PBXFrameworksBuildPhase section */

/* Begin PBXGroup section */
		A99CAAB22CE8598A004163DA /* Views */ = {
			isa = PBXGroup;
			children = (
				A99CAAB62CE85A65004163DA /* Character */,
			);
			path = Views;
			sourceTree = "<group>";
		};
		A99CAAB32CE8599C004163DA /* Models */ = {
			isa = PBXGroup;
			children = (
				A9F072B42CE75A06005033F2 /* PlayerCharacter.swift */,
				A9F072BC2CE76DEA005033F2 /* AttributeGroupPair.swift */,
			);
			path = Models;
			sourceTree = "<group>";
		};
		A99CAAB42CE859AA004163DA /* Data */ = {
			isa = PBXGroup;
			children = (
				A9F072B02CE75990005033F2 /* CharacterStore.swift */,
			);
			path = Data;
			sourceTree = "<group>";
		};
		A99CAAB52CE859B3004163DA /* Utilities */ = {
			isa = PBXGroup;
			children = (
				A9F072B62CE75ABE005033F2 /* WhitehackTypes.swift */,
				A98488E32CF14F6700A7CD7B /* AdvancementTables.swift */,
			);
			path = Utilities;
			sourceTree = "<group>";
		};
		A99CAAB62CE85A65004163DA /* Character */ = {
			isa = PBXGroup;
			children = (
				A99CAABA2CE85B9A004163DA /* Form */,
				A9F072AE2CE7597B005033F2 /* CharacterListView.swift */,
				A9F072B82CE75AE4005033F2 /* CharacterDetailView.swift */,
				A9F072BA2CE75AFC005033F2 /* CharacterFormView.swift */,
				A99CAAB92CE85A95004163DA /* Components */,
			);
			path = Character;
			sourceTree = "<group>";
		};
		A99CAAB92CE85A95004163DA /* Components */ = {
			isa = PBXGroup;
			children = (
				A98488E52CF157E500A7CD7B /* ProgressBar.swift */,
				A99CAAB72CE85A7B004163DA /* AttributeEditor.swift */,
			);
			path = Components;
			sourceTree = "<group>";
		};
		A99CAABA2CE85B9A004163DA /* Form */ = {
			isa = PBXGroup;
			children = (
				A99CAABB2CE85BAA004163DA /* Sections */,
			);
			path = Form;
			sourceTree = "<group>";
		};
		A99CAABB2CE85BAA004163DA /* Sections */ = {
			isa = PBXGroup;
			children = (
				A99CAABC2CE85BB7004163DA /* CharacterGroupsSection.swift */,
				A99CAABE2CE85E84004163DA /* BasicInfoSection.swift */,
				A99CAAC02CE85E99004163DA /* CombatStatsSection.swift */,
				A99CAAC22CE85EBE004163DA /* LanguagesSection.swift */,
				A99CAAC42CE85ED3004163DA /* EquipmentSection.swift */,
				A99CAAC62CE85EEE004163DA /* EncumbranceSection.swift */,
				A99CAAC82CE85F02004163DA /* OtherInformationSection.swift */,
				A99CAACA2CE85F15004163DA /* NotesSection.swift */,
			);
			path = Sections;
			sourceTree = "<group>";
		};
		A9F072832CE75166005033F2 = {
			isa = PBXGroup;
			children = (
				A9F0728E2CE75166005033F2 /* Whitehack Tools */,
				A9F0728D2CE75166005033F2 /* Products */,
			);
			sourceTree = "<group>";
		};
		A9F0728D2CE75166005033F2 /* Products */ = {
			isa = PBXGroup;
			children = (
				A9F0728C2CE75166005033F2 /* Whitehack Tools.app */,
			);
			name = Products;
			sourceTree = "<group>";
		};
		A9F0728E2CE75166005033F2 /* Whitehack Tools */ = {
			isa = PBXGroup;
			children = (
				A9F0728F2CE75166005033F2 /* Whitehack_ToolsApp.swift */,
				A9F072932CE75169005033F2 /* Assets.xcassets */,
				A9F072952CE75169005033F2 /* Whitehack_Tools.entitlements */,
				A9F072962CE75169005033F2 /* Preview Content */,
				A99CAAB22CE8598A004163DA /* Views */,
				A99CAAB42CE859AA004163DA /* Data */,
				A99CAAB32CE8599C004163DA /* Models */,
				A99CAAB52CE859B3004163DA /* Utilities */,
			);
			path = "Whitehack Tools";
			sourceTree = "<group>";
		};
		A9F072962CE75169005033F2 /* Preview Content */ = {
			isa = PBXGroup;
			children = (
				A9F072972CE75169005033F2 /* Preview Assets.xcassets */,
			);
			path = "Preview Content";
			sourceTree = "<group>";
		};
/* End PBXGroup section */

/* Begin PBXNativeTarget section */
		A9F0728B2CE75166005033F2 /* Whitehack Tools */ = {
			isa = PBXNativeTarget;
			buildConfigurationList = A9F0729B2CE75169005033F2 /* Build configuration list for PBXNativeTarget "Whitehack Tools" */;
			buildPhases = (
				A9F072882CE75166005033F2 /* Sources */,
				A9F072892CE75166005033F2 /* Frameworks */,
				A9F0728A2CE75166005033F2 /* Resources */,
			);
			buildRules = (
			);
			dependencies = (
			);
			name = "Whitehack Tools";
			packageProductDependencies = (
				A9B679C32CE8791E000ACE9E /* PhosphorSwift */,
			);
			productName = "Whitehack Tools";
			productReference = A9F0728C2CE75166005033F2 /* Whitehack Tools.app */;
			productType = "com.apple.product-type.application";
		};
/* End PBXNativeTarget section */

/* Begin PBXProject section */
		A9F072842CE75166005033F2 /* Project object */ = {
			isa = PBXProject;
			attributes = {
				BuildIndependentTargetsInParallel = 1;
				LastSwiftUpdateCheck = 1520;
				LastUpgradeCheck = 1520;
				TargetAttributes = {
					A9F0728B2CE75166005033F2 = {
						CreatedOnToolsVersion = 15.2;
					};
				};
			};
			buildConfigurationList = A9F072872CE75166005033F2 /* Build configuration list for PBXProject "Whitehack Tools" */;
			compatibilityVersion = "Xcode 14.0";
			developmentRegion = en;
			hasScannedForEncodings = 0;
			knownRegions = (
				en,
				Base,
			);
			mainGroup = A9F072832CE75166005033F2;
			packageReferences = (
				A9B679C22CE8791E000ACE9E /* XCRemoteSwiftPackageReference "swift" */,
			);
			productRefGroup = A9F0728D2CE75166005033F2 /* Products */;
			projectDirPath = "";
			projectRoot = "";
			targets = (
				A9F0728B2CE75166005033F2 /* Whitehack Tools */,
			);
		};
/* End PBXProject section */

/* Begin PBXResourcesBuildPhase section */
		A9F0728A2CE75166005033F2 /* Resources */ = {
			isa = PBXResourcesBuildPhase;
			buildActionMask = 2147483647;
			files = (
				A9F072982CE75169005033F2 /* Preview Assets.xcassets in Resources */,
				A9F072942CE75169005033F2 /* Assets.xcassets in Resources */,
			);
			runOnlyForDeploymentPostprocessing = 0;
		};
/* End PBXResourcesBuildPhase section */

/* Begin PBXSourcesBuildPhase section */
		A9F072882CE75166005033F2 /* Sources */ = {
			isa = PBXSourcesBuildPhase;
			buildActionMask = 2147483647;
			files = (
				A99CAAC52CE85ED3004163DA /* EquipmentSection.swift in Sources */,
				A98488E62CF157E500A7CD7B /* ProgressBar.swift in Sources */,
				A99CAABF2CE85E84004163DA /* BasicInfoSection.swift in Sources */,
				A9F072BD2CE76DEA005033F2 /* AttributeGroupPair.swift in Sources */,
				A99CAACB2CE85F15004163DA /* NotesSection.swift in Sources */,
				A99CAAC72CE85EEE004163DA /* EncumbranceSection.swift in Sources */,
				A99CAAC32CE85EBE004163DA /* LanguagesSection.swift in Sources */,
				A99CAAC92CE85F02004163DA /* OtherInformationSection.swift in Sources */,
				A9F072AF2CE7597B005033F2 /* CharacterListView.swift in Sources */,
				A9F072B12CE75990005033F2 /* CharacterStore.swift in Sources */,
				A99CAABD2CE85BB7004163DA /* CharacterGroupsSection.swift in Sources */,
				A99CAAC12CE85E99004163DA /* CombatStatsSection.swift in Sources */,
				A9F072BB2CE75AFC005033F2 /* CharacterFormView.swift in Sources */,
				A99CAAB82CE85A7B004163DA /* AttributeEditor.swift in Sources */,
				A98488E42CF14F6700A7CD7B /* AdvancementTables.swift in Sources */,
				A9F072902CE75166005033F2 /* Whitehack_ToolsApp.swift in Sources */,
				A9F072B92CE75AE4005033F2 /* CharacterDetailView.swift in Sources */,
				A9F072B72CE75ABE005033F2 /* WhitehackTypes.swift in Sources */,
				A9F072B52CE75A06005033F2 /* PlayerCharacter.swift in Sources */,
			);
			runOnlyForDeploymentPostprocessing = 0;
		};
/* End PBXSourcesBuildPhase section */

/* Begin XCBuildConfiguration section */
		A9F072992CE75169005033F2 /* Debug */ = {
			isa = XCBuildConfiguration;
			buildSettings = {
				ALWAYS_SEARCH_USER_PATHS = NO;
				ASSETCATALOG_COMPILER_GENERATE_SWIFT_ASSET_SYMBOL_EXTENSIONS = YES;
				CLANG_ANALYZER_NONNULL = YES;
				CLANG_ANALYZER_NUMBER_OBJECT_CONVERSION = YES_AGGRESSIVE;
				CLANG_CXX_LANGUAGE_STANDARD = "gnu++20";
				CLANG_ENABLE_MODULES = YES;
				CLANG_ENABLE_OBJC_ARC = YES;
				CLANG_ENABLE_OBJC_WEAK = YES;
				CLANG_WARN_BLOCK_CAPTURE_AUTORELEASING = YES;
				CLANG_WARN_BOOL_CONVERSION = YES;
				CLANG_WARN_COMMA = YES;
				CLANG_WARN_CONSTANT_CONVERSION = YES;
				CLANG_WARN_DEPRECATED_OBJC_IMPLEMENTATIONS = YES;
				CLANG_WARN_DIRECT_OBJC_ISA_USAGE = YES_ERROR;
				CLANG_WARN_DOCUMENTATION_COMMENTS = YES;
				CLANG_WARN_EMPTY_BODY = YES;
				CLANG_WARN_ENUM_CONVERSION = YES;
				CLANG_WARN_INFINITE_RECURSION = YES;
				CLANG_WARN_INT_CONVERSION = YES;
				CLANG_WARN_NON_LITERAL_NULL_CONVERSION = YES;
				CLANG_WARN_OBJC_IMPLICIT_RETAIN_SELF = YES;
				CLANG_WARN_OBJC_LITERAL_CONVERSION = YES;
				CLANG_WARN_OBJC_ROOT_CLASS = YES_ERROR;
				CLANG_WARN_QUOTED_INCLUDE_IN_FRAMEWORK_HEADER = YES;
				CLANG_WARN_RANGE_LOOP_ANALYSIS = YES;
				CLANG_WARN_STRICT_PROTOTYPES = YES;
				CLANG_WARN_SUSPICIOUS_MOVE = YES;
				CLANG_WARN_UNGUARDED_AVAILABILITY = YES_AGGRESSIVE;
				CLANG_WARN_UNREACHABLE_CODE = YES;
				CLANG_WARN__DUPLICATE_METHOD_MATCH = YES;
				COPY_PHASE_STRIP = NO;
				DEBUG_INFORMATION_FORMAT = dwarf;
				ENABLE_STRICT_OBJC_MSGSEND = YES;
				ENABLE_TESTABILITY = YES;
				ENABLE_USER_SCRIPT_SANDBOXING = YES;
				GCC_C_LANGUAGE_STANDARD = gnu17;
				GCC_DYNAMIC_NO_PIC = NO;
				GCC_NO_COMMON_BLOCKS = YES;
				GCC_OPTIMIZATION_LEVEL = 0;
				GCC_PREPROCESSOR_DEFINITIONS = (
					"DEBUG=1",
					"$(inherited)",
				);
				GCC_WARN_64_TO_32_BIT_CONVERSION = YES;
				GCC_WARN_ABOUT_RETURN_TYPE = YES_ERROR;
				GCC_WARN_UNDECLARED_SELECTOR = YES;
				GCC_WARN_UNINITIALIZED_AUTOS = YES_AGGRESSIVE;
				GCC_WARN_UNUSED_FUNCTION = YES;
				GCC_WARN_UNUSED_VARIABLE = YES;
				LOCALIZATION_PREFERS_STRING_CATALOGS = YES;
				MTL_ENABLE_DEBUG_INFO = INCLUDE_SOURCE;
				MTL_FAST_MATH = YES;
				ONLY_ACTIVE_ARCH = YES;
				SWIFT_ACTIVE_COMPILATION_CONDITIONS = "DEBUG $(inherited)";
				SWIFT_OPTIMIZATION_LEVEL = "-Onone";
			};
			name = Debug;
		};
		A9F0729A2CE75169005033F2 /* Release */ = {
			isa = XCBuildConfiguration;
			buildSettings = {
				ALWAYS_SEARCH_USER_PATHS = NO;
				ASSETCATALOG_COMPILER_GENERATE_SWIFT_ASSET_SYMBOL_EXTENSIONS = YES;
				CLANG_ANALYZER_NONNULL = YES;
				CLANG_ANALYZER_NUMBER_OBJECT_CONVERSION = YES_AGGRESSIVE;
				CLANG_CXX_LANGUAGE_STANDARD = "gnu++20";
				CLANG_ENABLE_MODULES = YES;
				CLANG_ENABLE_OBJC_ARC = YES;
				CLANG_ENABLE_OBJC_WEAK = YES;
				CLANG_WARN_BLOCK_CAPTURE_AUTORELEASING = YES;
				CLANG_WARN_BOOL_CONVERSION = YES;
				CLANG_WARN_COMMA = YES;
				CLANG_WARN_CONSTANT_CONVERSION = YES;
				CLANG_WARN_DEPRECATED_OBJC_IMPLEMENTATIONS = YES;
				CLANG_WARN_DIRECT_OBJC_ISA_USAGE = YES_ERROR;
				CLANG_WARN_DOCUMENTATION_COMMENTS = YES;
				CLANG_WARN_EMPTY_BODY = YES;
				CLANG_WARN_ENUM_CONVERSION = YES;
				CLANG_WARN_INFINITE_RECURSION = YES;
				CLANG_WARN_INT_CONVERSION = YES;
				CLANG_WARN_NON_LITERAL_NULL_CONVERSION = YES;
				CLANG_WARN_OBJC_IMPLICIT_RETAIN_SELF = YES;
				CLANG_WARN_OBJC_LITERAL_CONVERSION = YES;
				CLANG_WARN_OBJC_ROOT_CLASS = YES_ERROR;
				CLANG_WARN_QUOTED_INCLUDE_IN_FRAMEWORK_HEADER = YES;
				CLANG_WARN_RANGE_LOOP_ANALYSIS = YES;
				CLANG_WARN_STRICT_PROTOTYPES = YES;
				CLANG_WARN_SUSPICIOUS_MOVE = YES;
				CLANG_WARN_UNGUARDED_AVAILABILITY = YES_AGGRESSIVE;
				CLANG_WARN_UNREACHABLE_CODE = YES;
				CLANG_WARN__DUPLICATE_METHOD_MATCH = YES;
				COPY_PHASE_STRIP = NO;
				DEBUG_INFORMATION_FORMAT = "dwarf-with-dsym";
				ENABLE_NS_ASSERTIONS = NO;
				ENABLE_STRICT_OBJC_MSGSEND = YES;
				ENABLE_USER_SCRIPT_SANDBOXING = YES;
				GCC_C_LANGUAGE_STANDARD = gnu17;
				GCC_NO_COMMON_BLOCKS = YES;
				GCC_WARN_64_TO_32_BIT_CONVERSION = YES;
				GCC_WARN_ABOUT_RETURN_TYPE = YES_ERROR;
				GCC_WARN_UNDECLARED_SELECTOR = YES;
				GCC_WARN_UNINITIALIZED_AUTOS = YES_AGGRESSIVE;
				GCC_WARN_UNUSED_FUNCTION = YES;
				GCC_WARN_UNUSED_VARIABLE = YES;
				LOCALIZATION_PREFERS_STRING_CATALOGS = YES;
				MTL_ENABLE_DEBUG_INFO = NO;
				MTL_FAST_MATH = YES;
				SWIFT_COMPILATION_MODE = wholemodule;
			};
			name = Release;
		};
		A9F0729C2CE75169005033F2 /* Debug */ = {
			isa = XCBuildConfiguration;
			buildSettings = {
				ASSETCATALOG_COMPILER_APPICON_NAME = AppIcon;
				ASSETCATALOG_COMPILER_GLOBAL_ACCENT_COLOR_NAME = AccentColor;
				CODE_SIGN_ENTITLEMENTS = "Whitehack Tools/Whitehack_Tools.entitlements";
				CODE_SIGN_STYLE = Automatic;
				CURRENT_PROJECT_VERSION = 1;
				DEVELOPMENT_ASSET_PATHS = "\"Whitehack Tools/Preview Content\"";
				DEVELOPMENT_TEAM = Y4ZK5B3854;
				ENABLE_HARDENED_RUNTIME = YES;
				ENABLE_PREVIEWS = YES;
				GENERATE_INFOPLIST_FILE = YES;
				"INFOPLIST_KEY_UIApplicationSceneManifest_Generation[sdk=iphoneos*]" = YES;
				"INFOPLIST_KEY_UIApplicationSceneManifest_Generation[sdk=iphonesimulator*]" = YES;
				"INFOPLIST_KEY_UIApplicationSupportsIndirectInputEvents[sdk=iphoneos*]" = YES;
				"INFOPLIST_KEY_UIApplicationSupportsIndirectInputEvents[sdk=iphonesimulator*]" = YES;
				"INFOPLIST_KEY_UILaunchScreen_Generation[sdk=iphoneos*]" = YES;
				"INFOPLIST_KEY_UILaunchScreen_Generation[sdk=iphonesimulator*]" = YES;
				"INFOPLIST_KEY_UIStatusBarStyle[sdk=iphoneos*]" = UIStatusBarStyleDefault;
				"INFOPLIST_KEY_UIStatusBarStyle[sdk=iphonesimulator*]" = UIStatusBarStyleDefault;
				INFOPLIST_KEY_UISupportedInterfaceOrientations_iPad = "UIInterfaceOrientationPortrait UIInterfaceOrientationPortraitUpsideDown UIInterfaceOrientationLandscapeLeft UIInterfaceOrientationLandscapeRight";
				INFOPLIST_KEY_UISupportedInterfaceOrientations_iPhone = "UIInterfaceOrientationPortrait UIInterfaceOrientationLandscapeLeft UIInterfaceOrientationLandscapeRight";
				IPHONEOS_DEPLOYMENT_TARGET = 15.0;
				LD_RUNPATH_SEARCH_PATHS = "@executable_path/Frameworks";
				"LD_RUNPATH_SEARCH_PATHS[sdk=macosx*]" = "@executable_path/../Frameworks";
				MACOSX_DEPLOYMENT_TARGET = 13.7;
				MARKETING_VERSION = 1.0;
				PRODUCT_BUNDLE_IDENTIFIER = com.netartisancollective.whitehacktools;
				PRODUCT_NAME = "$(TARGET_NAME)";
				SDKROOT = auto;
				SUPPORTED_PLATFORMS = "iphoneos iphonesimulator macosx";
				SWIFT_EMIT_LOC_STRINGS = YES;
				SWIFT_VERSION = 5.0;
				TARGETED_DEVICE_FAMILY = "1,2";
			};
			name = Debug;
		};
		A9F0729D2CE75169005033F2 /* Release */ = {
			isa = XCBuildConfiguration;
			buildSettings = {
				ASSETCATALOG_COMPILER_APPICON_NAME = AppIcon;
				ASSETCATALOG_COMPILER_GLOBAL_ACCENT_COLOR_NAME = AccentColor;
				CODE_SIGN_ENTITLEMENTS = "Whitehack Tools/Whitehack_Tools.entitlements";
				CODE_SIGN_STYLE = Automatic;
				CURRENT_PROJECT_VERSION = 1;
				DEVELOPMENT_ASSET_PATHS = "\"Whitehack Tools/Preview Content\"";
				DEVELOPMENT_TEAM = Y4ZK5B3854;
				ENABLE_HARDENED_RUNTIME = YES;
				ENABLE_PREVIEWS = YES;
				GENERATE_INFOPLIST_FILE = YES;
				"INFOPLIST_KEY_UIApplicationSceneManifest_Generation[sdk=iphoneos*]" = YES;
				"INFOPLIST_KEY_UIApplicationSceneManifest_Generation[sdk=iphonesimulator*]" = YES;
				"INFOPLIST_KEY_UIApplicationSupportsIndirectInputEvents[sdk=iphoneos*]" = YES;
				"INFOPLIST_KEY_UIApplicationSupportsIndirectInputEvents[sdk=iphonesimulator*]" = YES;
				"INFOPLIST_KEY_UILaunchScreen_Generation[sdk=iphoneos*]" = YES;
				"INFOPLIST_KEY_UILaunchScreen_Generation[sdk=iphonesimulator*]" = YES;
				"INFOPLIST_KEY_UIStatusBarStyle[sdk=iphoneos*]" = UIStatusBarStyleDefault;
				"INFOPLIST_KEY_UIStatusBarStyle[sdk=iphonesimulator*]" = UIStatusBarStyleDefault;
				INFOPLIST_KEY_UISupportedInterfaceOrientations_iPad = "UIInterfaceOrientationPortrait UIInterfaceOrientationPortraitUpsideDown UIInterfaceOrientationLandscapeLeft UIInterfaceOrientationLandscapeRight";
				INFOPLIST_KEY_UISupportedInterfaceOrientations_iPhone = "UIInterfaceOrientationPortrait UIInterfaceOrientationLandscapeLeft UIInterfaceOrientationLandscapeRight";
				IPHONEOS_DEPLOYMENT_TARGET = 15.0;
				LD_RUNPATH_SEARCH_PATHS = "@executable_path/Frameworks";
				"LD_RUNPATH_SEARCH_PATHS[sdk=macosx*]" = "@executable_path/../Frameworks";
				MACOSX_DEPLOYMENT_TARGET = 13.7;
				MARKETING_VERSION = 1.0;
				PRODUCT_BUNDLE_IDENTIFIER = com.netartisancollective.whitehacktools;
				PRODUCT_NAME = "$(TARGET_NAME)";
				SDKROOT = auto;
				SUPPORTED_PLATFORMS = "iphoneos iphonesimulator macosx";
				SWIFT_EMIT_LOC_STRINGS = YES;
				SWIFT_VERSION = 5.0;
				TARGETED_DEVICE_FAMILY = "1,2";
			};
			name = Release;
		};
/* End XCBuildConfiguration section */

/* Begin XCConfigurationList section */
		A9F072872CE75166005033F2 /* Build configuration list for PBXProject "Whitehack Tools" */ = {
			isa = XCConfigurationList;
			buildConfigurations = (
				A9F072992CE75169005033F2 /* Debug */,
				A9F0729A2CE75169005033F2 /* Release */,
			);
			defaultConfigurationIsVisible = 0;
			defaultConfigurationName = Release;
		};
		A9F0729B2CE75169005033F2 /* Build configuration list for PBXNativeTarget "Whitehack Tools" */ = {
			isa = XCConfigurationList;
			buildConfigurations = (
				A9F0729C2CE75169005033F2 /* Debug */,
				A9F0729D2CE75169005033F2 /* Release */,
			);
			defaultConfigurationIsVisible = 0;
			defaultConfigurationName = Release;
		};
/* End XCConfigurationList section */

/* Begin XCRemoteSwiftPackageReference section */
		A9B679C22CE8791E000ACE9E /* XCRemoteSwiftPackageReference "swift" */ = {
			isa = XCRemoteSwiftPackageReference;
			repositoryURL = "https://github.com/phosphor-icons/swift";
			requirement = {
				kind = upToNextMajorVersion;
				minimumVersion = 2.1.0;
			};
		};
/* End XCRemoteSwiftPackageReference section */

/* Begin XCSwiftPackageProductDependency section */
		A9B679C32CE8791E000ACE9E /* PhosphorSwift */ = {
			isa = XCSwiftPackageProductDependency;
			package = A9B679C22CE8791E000ACE9E /* XCRemoteSwiftPackageReference "swift" */;
			productName = PhosphorSwift;
		};
/* End XCSwiftPackageProductDependency section */
	};
	rootObject = A9F072842CE75166005033F2 /* Project object */;
}
